lockfileVersion: '9.0'

settings:
  autoInstallPeers: true
  excludeLinksFromLockfile: false

importers:

  .:
    dependencies:
      bs-map-classifier:
        specifier: ^1.1.1
        version: 1.1.1(onnxruntime-web@1.26.0)
      fflate:
        specifier: ^0.8.3
        version: 0.8.3
      onnxruntime-web:
        specifier: ^1.26.0
        version: 1.26.0

packages:

  '@protobufjs/aspromise@1.1.2':
    resolution: {integrity: sha512-j+gKExEuLmKwvz3OgROXtrJ2UG2x8Ch2YZUxahh+s1F2HZ+wAceUNLkvy6zKCPVRkU++ZWQrdxsUeQXmcg4uoQ==}

  '@protobufjs/base64@1.1.2':
    resolution: {integrity: sha512-AZkcAA5vnN/v4PDqKyMR5lx7hZttPDgClv83E//FMNhR2TMcLUhfRUBHCmSl0oi9zMgDDqRUJkSxO3wm85+XLg==}

  '@protobufjs/codegen@2.0.5':
    resolution: {integrity: sha512-zgXFLzW3Ap33e6d0Wlj4MGIm6Ce8O89n/apUaGNB/jx+hw+ruWEp7EwGUshdLKVRCxZW12fp9r40E1mQrf/34g==}

  '@protobufjs/eventemitter@1.1.1':
    resolution: {integrity: sha512-vW1GmwMZNnL+gMRaovlh9yZX74kc+TTU3FObkkurpMaRtBfLP3ldjS9KQWlwZgraRE0+dheEEoAxdzcJQ8eXZg==}

  '@protobufjs/fetch@1.1.1':
    resolution: {integrity: sha512-GpptLrs57adMSuHi3VNj0mAF8dwh36LMaYF6XyJ6JMWlVsc+t42tm1HSEDmOs3A8fC9yyeisgLhsTVQokOZ0zw==}

  '@protobufjs/float@1.0.2':
    resolution: {integrity: sha512-Ddb+kVXlXst9d+R9PfTIxh1EdNkgoRe5tOX6t01f1lYWOvJnSPDBlG241QLzcyPdoNTsblLUdujGSE4RzrTZGQ==}

  '@protobufjs/path@1.1.2':
    resolution: {integrity: sha512-6JOcJ5Tm08dOHAbdR3GrvP+yUUfkjG5ePsHYczMFLq3ZmMkAD98cDgcT2iA1lJ9NVwFd4tH/iSSoe44YWkltEA==}

  '@protobufjs/pool@1.1.0':
    resolution: {integrity: sha512-0kELaGSIDBKvcgS4zkjz1PeddatrjYcmMWOlAuAPwAeccUrPHdUqo/J6LiymHHEiJT5NrF1UVwxY14f+fy4WQw==}

  '@protobufjs/utf8@1.1.1':
    resolution: {integrity: sha512-oOAWABowe8EAbMyWKM0tYDKi8Yaox52D+HWZhAIJqQXbqe0xI/GV7FhLWqlEKreMkfDjshR5FKgi3mnle0h6Eg==}

  '@standard-schema/spec@1.1.0':
    resolution: {integrity: sha512-l2aFy5jALhniG5HgqrD6jXLi/rUWrKvqN/qJx6yoJsgKhblVd+iqqU4RCXavm/jPityDo5TCvKMnpjKnOriy0w==}

  '@types/node@25.9.3':
    resolution: {integrity: sha512-603BddQMv3pUcr4U2dhujk83N2tTDVr/34wII2B6bJy6g+8WD6yUb11jszNs0gdi4PesVWl7ABt8nYMVpnLUcg==}

  bs-map-classifier@1.1.1:
    resolution: {integrity: sha512-yJoG1QcXRcwvjuAZEaIpejSeUZ5aVI1KHE2qPQBUj5n4OaQr+UoPU1LXO4aW40Gh0IwIeaHS7WmRa2UTddkXfQ==}
    engines: {node: '>=18.0.0'}
    peerDependencies:
      onnxruntime-node: '>=1.17.0'
      onnxruntime-web: '>=1.17.0'
    peerDependenciesMeta:
      onnxruntime-node:
        optional: true
      onnxruntime-web:
        optional: true

  bsmap@2.3.5:
    resolution: {integrity: sha512-sAx1cEtIXfSDTY6fnSLal28iTX2ST8BwcX/bvZJDr+MFh83Ev3Dxvwn/1WcdRyLYY8swW+B4pL+dtqCLyrC5HQ==}

  fflate@0.8.3:
    resolution: {integrity: sha512-tbZNuJrLwGUp3zshBtdy4W+ORxZuIh8a5ilyIEQDC5rY1f3U20JMry0Ll3WBzU58EZKsEuJFXhb5gwv8CsPvgA==}

  flatbuffers@25.9.23:
    resolution: {integrity: sha512-MI1qs7Lo4Syw0EOzUl0xjs2lsoeqFku44KpngfIduHBYvzm8h2+7K8YMQh1JtVVVrUvhLpNwqVi4DERegUJhPQ==}

  guid-typescript@1.0.9:
    resolution: {integrity: sha512-Y8T4vYhEfwJOTbouREvG+3XDsjr8E3kIr7uf+JZ0BYloFsttiHU0WfvANVsR7TxNUJa/WpCnw/Ino/p+DeBhBQ==}

  long@5.3.2:
    resolution: {integrity: sha512-mNAgZ1GmyNhD7AuqnTG3/VQ26o760+ZYBPKjPvugO8+nLbYfX6TVpJPseBvopbdY+qpZ/lKUnmEc1LeZYS3QAA==}

  onnxruntime-common@1.26.0:
    resolution: {integrity: sha512-qVyMR4lcWgbkc4getFV+GQijsTnbg/siteoqcDwa3sI/LxbrMSNw4ePyvCq/ymdQaRomCA7YuWmhzsswxvymdw==}

  onnxruntime-web@1.26.0:
    resolution: {integrity: sha512-LbRr/8zZt2xilI2smrVQGGKINo0U46i8qJp+UXyMBGfqN7KjnH1BiwCwLwyNIVV4i9CKFv7Sf4PwLKWnT8/bEA==}

  platform@1.3.6:
    resolution: {integrity: sha512-fnWVljUchTro6RiCFvCXBbNhJc2NijN7oIQxbwsyL0buWJPG85v81ehlHI9fXrJsMNgTofEoWIQeClKpgxFLrg==}

  protobufjs@7.6.4:
    resolution: {integrity: sha512-RJJPTTpvFfHcWLkIa2JFWK4XvtSzS0yEWDmunqHXli1h3JlkbcQZXDZdcWxv+JK3Xsl5/UFDPZ0iGm7DAengYw==}
    engines: {node: '>=12.0.0'}

  undici-types@7.24.6:
    resolution: {integrity: sha512-WRNW+sJgj5OBN4/0JpHFqtqzhpbnV0GuB+OozA9gCL7a993SmU+1JBZCzLNxYsbMfIeDL+lTsphD5jN5N+n0zg==}

  valibot@1.4.1:
    resolution: {integrity: sha512-klCmFTz2jeDluy9RwX+F884TCiogtdBJ/YaxSx1EOBYXa3NXNWj8kR1jjN8rzluwojJVWWaHJ4r1U5LfICnM3g==}
    peerDependencies:
      typescript: '>=5'
    peerDependenciesMeta:
      typescript:
        optional: true

snapshots:

  '@protobufjs/aspromise@1.1.2': {}

  '@protobufjs/base64@1.1.2': {}

  '@protobufjs/codegen@2.0.5': {}

  '@protobufjs/eventemitter@1.1.1': {}

  '@protobufjs/fetch@1.1.1':
    dependencies:
      '@protobufjs/aspromise': 1.1.2

  '@protobufjs/float@1.0.2': {}

  '@protobufjs/path@1.1.2': {}

  '@protobufjs/pool@1.1.0': {}

  '@protobufjs/utf8@1.1.1': {}

  '@standard-schema/spec@1.1.0': {}

  '@types/node@25.9.3':
    dependencies:
      undici-types: 7.24.6

  bs-map-classifier@1.1.1(onnxruntime-web@1.26.0):
    dependencies:
      bsmap: 2.3.5
    optionalDependencies:
      onnxruntime-web: 1.26.0
    transitivePeerDependencies:
      - typescript

  bsmap@2.3.5:
    dependencies:
      '@standard-schema/spec': 1.1.0
      valibot: 1.4.1
    transitivePeerDependencies:
      - typescript

  fflate@0.8.3: {}

  flatbuffers@25.9.23: {}

  guid-typescript@1.0.9: {}

  long@5.3.2: {}

  onnxruntime-common@1.26.0: {}

  onnxruntime-web@1.26.0:
    dependencies:
      flatbuffers: 25.9.23
      guid-typescript: 1.0.9
      long: 5.3.2
      onnxruntime-common: 1.26.0
      platform: 1.3.6
      protobufjs: 7.6.4

  platform@1.3.6: {}

  protobufjs@7.6.4:
    dependencies:
      '@protobufjs/aspromise': 1.1.2
      '@protobufjs/base64': 1.1.2
      '@protobufjs/codegen': 2.0.5
      '@protobufjs/eventemitter': 1.1.1
      '@protobufjs/fetch': 1.1.1
      '@protobufjs/float': 1.0.2
      '@protobufjs/path': 1.1.2
      '@protobufjs/pool': 1.1.0
      '@protobufjs/utf8': 1.1.1
      '@types/node': 25.9.3
      long: 5.3.2

  undici-types@7.24.6: {}

  valibot@1.4.1: {}
